
Microsoft Visual Studio Solution File, Format Version 12.00
# Visual Studio Version 16
VisualStudioVersion = 16.0.32510.428
MinimumVisualStudioVersion = 10.0.40219.1
Project("{FAE04EC0-301F-11D3-BF4B-00C04F79EFBC}") = "Restaurant Management System", "Restaurant Management System\Restaurant Management System.csproj", "{DED890D3-7D3A-45CC-9C95-B487C1349ACF}"
EndProject
Global
	GlobalSection(SolutionConfigurationPlatforms) = preSolution
		Debug|Any CPU = Debug|Any CPU
		Release|Any CPU = Release|Any CPU
	EndGlobalSection
	GlobalSection(ProjectConfigurationPlatforms) = postSolution
		{DED890D3-7D3A-45CC-9C95-B487C1349ACF}.Debug|Any CPU.ActiveCfg = Debug|Any CPU
		{DED890D3-7D3A-45CC-9C95-B487C1349ACF}.Debug|Any CPU.Build.0 = Debug|Any CPU
		{DED890D3-7D3A-45CC-9C95-B487C1349ACF}.Release|Any CPU.ActiveCfg = Release|Any CPU
		{DED890D3-7D3A-45CC-9C95-B487C1349ACF}.Release|Any CPU.Build.0 = Release|Any CPU
	EndGlobalSection
	GlobalSection(SolutionProperties) = preSolution
		HideSolutionNode = FALSE
	EndGlobalSection
	GlobalSection(ExtensibilityGlobals) = postSolution
		SolutionGuid = {76D13760-9B74-4030-A98A-BB36EC2E9176}
	EndGlobalSection
EndGlobal
